
Microsoft Visual Studio Solution File, Format Version 12.00
# Visual Studio 15
VisualStudioVersion = 15.0.28307.271
MinimumVisualStudioVersion = 10.0.40219.1
Project("{FAE04EC0-301F-11D3-BF4B-00C04F79EFBC}") = "GeneratePi", "GeneratePi\GeneratePi.csproj", "{D4718C78-B422-4F27-9BE3-7764154991F6}"
EndProject
Global
	GlobalSection(SolutionConfigurationPlatforms) = preSolution
		Debug|Any CPU = Debug|Any CPU
		Release|Any CPU = Release|Any CPU
	EndGlobalSection
	GlobalSection(ProjectConfigurationPlatforms) = postSolution
		{D4718C78-B422-4F27-9BE3-7764154991F6}.Debug|Any CPU.ActiveCfg = Debug|Any CPU
		{D4718C78-B422-4F27-9BE3-7764154991F6}.Debug|Any CPU.Build.0 = Debug|Any CPU
		{D4718C78-B422-4F27-9BE3-7764154991F6}.Release|Any CPU.ActiveCfg = Release|Any CPU
		{D4718C78-B422-4F27-9BE3-7764154991F6}.Release|Any CPU.Build.0 = Release|Any CPU
	EndGlobalSection
	GlobalSection(SolutionProperties) = preSolution
		HideSolutionNode = FALSE
	EndGlobalSection
	GlobalSection(ExtensibilityGlobals) = postSolution
		SolutionGuid = {D7C23D87-DB17-442B-A5D4-5F8DFB1B7292}
	EndGlobalSection
EndGlobal
